<?xml version="1.0" encoding="utf-8"?>
<Project ToolsVersion="4.0" xmlns="http://schemas.microsoft.com/developer/msbuild/2003">
  <ItemGroup>
    <Filter Include="源文件">
      <UniqueIdentifier>{4FC737F1-C7A5-4376-A066-2A32D752A2FF}</UniqueIdentifier>
      <Extensions>cpp;c;cc;cxx;def;odl;idl;hpj;bat;asm;asmx</Extensions>
    </Filter>
    <Filter Include="头文件">
      <UniqueIdentifier>{93995380-89BD-4b04-88EB-625FBE52EBFB}</UniqueIdentifier>
      <Extensions>h;hh;hpp;hxx;hm;inl;inc;ipp;xsd</Extensions>
    </Filter>
    <Filter Include="资源文件">
      <UniqueIdentifier>{67DA6AB6-F800-4c08-8B7A-83BB121AAD01}</UniqueIdentifier>
      <Extensions>rc;ico;cur;bmp;dlg;rc2;rct;bin;rgs;gif;jpg;jpeg;jpe;resx;tiff;tif;png;wav;mfcribbon-ms</Extensions>
    </Filter>
  </ItemGroup>
  <ItemGroup>
    <ClCompile Include="MyLearnCPP01.cpp">
      <Filter>源文件</Filter>
    </ClCompile>
    <ClCompile Include="_01_01_HelloWorld.cpp">
      <Filter>源文件</Filter>
    </ClCompile>
    <ClCompile Include="_01_04_VarInit.cpp">
      <Filter>源文件</Filter>
    </ClCompile>
    <ClCompile Include="_01_05_Iostream.cpp">
      <Filter>源文件</Filter>
    </ClCompile>
    <ClCompile Include="_01_06_UndefinedVar.cpp">
      <Filter>源文件</Filter>
    </ClCompile>
    <ClCompile Include="_01_10_FirstProgram.cpp">
      <Filter>源文件</Filter>
    </ClCompile>
    <ClCompile Include="_02_02_ReturnValue.cpp">
      <Filter>源文件</Filter>
    </ClCompile>
    <ClCompile Include="_02_03_FunctionWithArgs.cpp">
      <Filter>源文件</Filter>
    </ClCompile>
    <ClCompile Include="_02_06_WhitespaceFormatting.cpp">
      <Filter>源文件</Filter>
    </ClCompile>
    <ClCompile Include="_02_07_ForwardDeclDefine.cpp">
      <Filter>源文件</Filter>
    </ClCompile>
    <ClCompile Include="_02_08_MultipleCodeFiles.cpp">
      <Filter>源文件</Filter>
    </ClCompile>
    <ClCompile Include="_02_09_UsingNamespace.cpp">
      <Filter>源文件</Filter>
    </ClCompile>
    <ClCompile Include="_02_10_Preprocessor.cpp">
      <Filter>源文件</Filter>
    </ClCompile>
    <ClCompile Include="_03_04_BasicDebugging.cpp">
      <Filter>源文件</Filter>
    </ClCompile>
    <ClCompile Include="_03_06_UsingDebugger.cpp">
      <Filter>源文件</Filter>
    </ClCompile>
    <ClCompile Include="_04_02_Void.cpp">
      <Filter>源文件</Filter>
    </ClCompile>
    <ClCompile Include="_04_03_SizeOf.cpp">
      <Filter>源文件</Filter>
    </ClCompile>
    <ClCompile Include="_04_04_SignedIntegers.cpp">
      <Filter>源文件</Filter>
    </ClCompile>
    <ClCompile Include="_04_05_UnsignedIntegers .cpp">
      <Filter>源文件</Filter>
    </ClCompile>
    <ClCompile Include="_04_06_FixedWidthAndSize.cpp">
      <Filter>源文件</Filter>
    </ClCompile>
    <ClCompile Include="_04_07_ScientificNotation.cpp">
      <Filter>源文件</Filter>
    </ClCompile>
    <ClCompile Include="_04_08_FloatingPointNumbers.cpp">
      <Filter>源文件</Filter>
    </ClCompile>
    <ClCompile Include="_04_09_Boolean.cpp">
      <Filter>源文件</Filter>
    </ClCompile>
    <ClCompile Include="_04_11_Char.cpp">
      <Filter>源文件</Filter>
    </ClCompile>
    <ClCompile Include="_04_12_Literals.cpp">
      <Filter>源文件</Filter>
    </ClCompile>
    <ClCompile Include="_04_13_Const.cpp">
      <Filter>源文件</Filter>
    </ClCompile>
    <ClCompile Include="_04_Old_01_Operators.cpp">
      <Filter>源文件</Filter>
    </ClCompile>
    <ClCompile Include="_04_S_01_ScopeAndType.cpp">
      <Filter>源文件</Filter>
    </ClCompile>
    <ClCompile Include="_04_S_02_Enum.cpp">
      <Filter>源文件</Filter>
    </ClCompile>
    <ClCompile Include="_04_S_03_Structs.cpp">
      <Filter>源文件</Filter>
    </ClCompile>
    <ClCompile Include="_04_S_04_Auto.cpp">
      <Filter>源文件</Filter>
    </ClCompile>
    <ClCompile Include="_05_01_Random.cpp">
      <Filter>源文件</Filter>
    </ClCompile>
    <ClCompile Include="_05_02_CheckInput.cpp">
      <Filter>源文件</Filter>
    </ClCompile>
    <ClCompile Include="_05_03_Sort.cpp">
      <Filter>源文件</Filter>
    </ClCompile>
    <ClCompile Include="_05_04_CStyleStrings.cpp">
      <Filter>源文件</Filter>
    </ClCompile>
    <ClCompile Include="_05_05_IntroductionPointers.cpp">
      <Filter>源文件</Filter>
    </ClCompile>
    <ClCompile Include="_05_06_NullPointers.cpp">
      <Filter>源文件</Filter>
    </ClCompile>
    <ClCompile Include="_05_07_PointerArithmetic.cpp">
      <Filter>源文件</Filter>
    </ClCompile>
    <ClCompile Include="_05_08_CStyleStringPtr.cpp">
      <Filter>源文件</Filter>
    </ClCompile>
    <ClCompile Include="_05_09_DynamicMemoryAllocation.cpp">
      <Filter>源文件</Filter>
    </ClCompile>
    <ClCompile Include="_05_10_PointersAndConst.cpp">
      <Filter>源文件</Filter>
    </ClCompile>
    <ClCompile Include="_05_11_ReferenceVariables.cpp">
      <Filter>源文件</Filter>
    </ClCompile>
    <ClCompile Include="_05_12_ForEachLoops.cpp">
      <Filter>源文件</Filter>
    </ClCompile>
    <ClCompile Include="_05_13_VoidPointer.cpp">
      <Filter>源文件</Filter>
    </ClCompile>
    <ClCompile Include="_05_14_PointersToPointers.cpp">
      <Filter>源文件</Filter>
    </ClCompile>
    <ClCompile Include="_05_15_Array.cpp">
      <Filter>源文件</Filter>
    </ClCompile>
    <ClCompile Include="_05_16_Vector.cpp">
      <Filter>源文件</Filter>
    </ClCompile>
    <ClCompile Include="_06_01_PassingArgumentsByReference.cpp">
      <Filter>源文件</Filter>
    </ClCompile>
    <ClCompile Include="_06_02_PassingArgumentsByAddress.cpp">
      <Filter>源文件</Filter>
    </ClCompile>
    <ClCompile Include="_06_03_ReturnValuesByValuesReferenceAddress.cpp">
      <Filter>源文件</Filter>
    </ClCompile>
    <ClCompile Include="_06_04_Inline.cpp">
      <Filter>源文件</Filter>
    </ClCompile>
    <ClCompile Include="_06_05_FunctionOverloading.cpp">
      <Filter>源文件</Filter>
    </ClCompile>
  </ItemGroup>
  <ItemGroup>
    <ClInclude Include="_01_01_HelloWorld.h">
      <Filter>头文件</Filter>
    </ClInclude>
    <ClInclude Include="_01_04_VarInit.h">
      <Filter>头文件</Filter>
    </ClInclude>
    <ClInclude Include="_01_05_Iostream.h">
      <Filter>头文件</Filter>
    </ClInclude>
    <ClInclude Include="MyLearnCPP01.h">
      <Filter>头文件</Filter>
    </ClInclude>
    <ClInclude Include="_01_06_UndefinedVar.h">
      <Filter>头文件</Filter>
    </ClInclude>
    <ClInclude Include="_01_10_FirstProgram.h">
      <Filter>头文件</Filter>
    </ClInclude>
    <ClInclude Include="_02_02_ReturnValue.h">
      <Filter>头文件</Filter>
    </ClInclude>
    <ClInclude Include="_02_03_FunctionWithArgs.h">
      <Filter>头文件</Filter>
    </ClInclude>
    <ClInclude Include="_02_06_WhitespaceFormatting.h">
      <Filter>头文件</Filter>
    </ClInclude>
    <ClInclude Include="_02_07_ForwardDeclDefine.h">
      <Filter>头文件</Filter>
    </ClInclude>
    <ClInclude Include="_02_08_MultipleCodeFiles.h">
      <Filter>头文件</Filter>
    </ClInclude>
    <ClInclude Include="_02_09_UsingNamespace.h">
      <Filter>头文件</Filter>
    </ClInclude>
    <ClInclude Include="_02_10_Preprocessor.h">
      <Filter>头文件</Filter>
    </ClInclude>
    <ClInclude Include="_03_04_BasicDebugging.h">
      <Filter>头文件</Filter>
    </ClInclude>
    <ClInclude Include="_03_06_UsingDebugger.h">
      <Filter>头文件</Filter>
    </ClInclude>
    <ClInclude Include="_04_02_Void.h">
      <Filter>头文件</Filter>
    </ClInclude>
    <ClInclude Include="_04_03_SizeOf.h">
      <Filter>头文件</Filter>
    </ClInclude>
    <ClInclude Include="_04_04_SignedIntegers.h">
      <Filter>头文件</Filter>
    </ClInclude>
    <ClInclude Include="_04_05_Unsigned .h">
      <Filter>头文件</Filter>
    </ClInclude>
    <ClInclude Include="_04_06_FixedWidthAndSize.h">
      <Filter>头文件</Filter>
    </ClInclude>
    <ClInclude Include="_04_07_ScientificNotation.h">
      <Filter>头文件</Filter>
    </ClInclude>
    <ClInclude Include="_04_09_Boolean.h">
      <Filter>头文件</Filter>
    </ClInclude>
    <ClInclude Include="_04_08_FloatingPointNumbers.h">
      <Filter>头文件</Filter>
    </ClInclude>
    <ClInclude Include="_04_12_Literals.h">
      <Filter>头文件</Filter>
    </ClInclude>
    <ClInclude Include="_04_13_Const.h">
      <Filter>头文件</Filter>
    </ClInclude>
    <ClInclude Include="_04_11_Char.h">
      <Filter>头文件</Filter>
    </ClInclude>
    <ClInclude Include="_04_Old_01_Operators.h">
      <Filter>头文件</Filter>
    </ClInclude>
    <ClInclude Include="_04_S_02_Enum.h">
      <Filter>头文件</Filter>
    </ClInclude>
    <ClInclude Include="_04_S_01_ScopeAndType.h">
      <Filter>头文件</Filter>
    </ClInclude>
    <ClInclude Include="_04_S_04_Auto.h">
      <Filter>头文件</Filter>
    </ClInclude>
    <ClInclude Include="_04_S_03_Structs.h">
      <Filter>头文件</Filter>
    </ClInclude>
    <ClInclude Include="_05_02_CheckInput.h">
      <Filter>头文件</Filter>
    </ClInclude>
    <ClInclude Include="_05_01_Random.h">
      <Filter>头文件</Filter>
    </ClInclude>
    <ClInclude Include="_05_03_Sort.h">
      <Filter>头文件</Filter>
    </ClInclude>
    <ClInclude Include="_05_04_CStyleStrings.h">
      <Filter>头文件</Filter>
    </ClInclude>
    <ClInclude Include="_05_05_IntroductionPointers.h">
      <Filter>头文件</Filter>
    </ClInclude>
    <ClInclude Include="_05_06_NullPointers.h">
      <Filter>头文件</Filter>
    </ClInclude>
    <ClInclude Include="_05_07_PointerArithmetic.h">
      <Filter>头文件</Filter>
    </ClInclude>
    <ClInclude Include="_05_08_CStyleStringPtr">
      <Filter>头文件</Filter>
    </ClInclude>
    <ClInclude Include="_05_09_DynamicMemoryAllocation.h">
      <Filter>头文件</Filter>
    </ClInclude>
    <ClInclude Include="_05_10_PointersAndConst.h">
      <Filter>头文件</Filter>
    </ClInclude>
    <ClInclude Include="_05_11_ReferenceVariables.h">
      <Filter>头文件</Filter>
    </ClInclude>
    <ClInclude Include="_05_12_ForEachLoops.h">
      <Filter>头文件</Filter>
    </ClInclude>
    <ClInclude Include="_05_13_VoidPointer.h">
      <Filter>头文件</Filter>
    </ClInclude>
    <ClInclude Include="_05_14_PointersToPointers.h">
      <Filter>头文件</Filter>
    </ClInclude>
    <ClInclude Include="_05_16_Vector.h">
      <Filter>头文件</Filter>
    </ClInclude>
    <ClInclude Include="_06_01_PassingArgumentsByReference.h">
      <Filter>头文件</Filter>
    </ClInclude>
    <ClInclude Include="_05_15_Array.h">
      <Filter>头文件</Filter>
    </ClInclude>
    <ClInclude Include="_06_02_PassingArgumentsByAddress.h">
      <Filter>头文件</Filter>
    </ClInclude>
    <ClInclude Include="_06_03_ReturnValuesByValuesReferenceAddress.h">
      <Filter>头文件</Filter>
    </ClInclude>
    <ClInclude Include="_06_04_Inline.h">
      <Filter>头文件</Filter>
    </ClInclude>
    <ClInclude Include="_06_05_FunctionOverloading.h">
      <Filter>头文件</Filter>
    </ClInclude>
  </ItemGroup>
</Project>