<?xml version="1.0" encoding="utf-8"?>
<Project ToolsVersion="4.0" xmlns="http://schemas.microsoft.com/developer/msbuild/2003">
  <ItemGroup>
    <Filter Include="源文件">
      <UniqueIdentifier>{4FC737F1-C7A5-4376-A066-2A32D752A2FF}</UniqueIdentifier>
      <Extensions>cpp;c;cc;cxx;def;odl;idl;hpj;bat;asm;asmx</Extensions>
    </Filter>
    <Filter Include="头文件">
      <UniqueIdentifier>{93995380-89BD-4b04-88EB-625FBE52EBFB}</UniqueIdentifier>
      <Extensions>h;hh;hpp;hxx;hm;inl;inc;ipp;xsd</Extensions>
    </Filter>
    <Filter Include="资源文件">
      <UniqueIdentifier>{67DA6AB6-F800-4c08-8B7A-83BB121AAD01}</UniqueIdentifier>
      <Extensions>rc;ico;cur;bmp;dlg;rc2;rct;bin;rgs;gif;jpg;jpeg;jpe;resx;tiff;tif;png;wav;mfcribbon-ms</Extensions>
    </Filter>
    <Filter Include="源文件\01">
      <UniqueIdentifier>{ac7d9a52-5089-4c0d-ac26-e5e59cb11f4b}</UniqueIdentifier>
    </Filter>
    <Filter Include="源文件\02">
      <UniqueIdentifier>{53ec8f4d-700f-455c-92da-202b26e9040d}</UniqueIdentifier>
    </Filter>
    <Filter Include="源文件\03">
      <UniqueIdentifier>{6266a917-db01-4875-8fc5-0fb1a9409220}</UniqueIdentifier>
    </Filter>
    <Filter Include="源文件\04">
      <UniqueIdentifier>{74608792-975a-4969-8179-7f740d51c235}</UniqueIdentifier>
    </Filter>
    <Filter Include="源文件\04_Old">
      <UniqueIdentifier>{f90a0f63-1a99-4bc5-87b9-ea3a4ac3c6df}</UniqueIdentifier>
    </Filter>
    <Filter Include="源文件\04_S">
      <UniqueIdentifier>{d79fde2f-5ff0-435c-a92e-1b10a2d78add}</UniqueIdentifier>
    </Filter>
    <Filter Include="源文件\05">
      <UniqueIdentifier>{5b45cc60-367e-4f65-8e47-d7fafb6bd5b4}</UniqueIdentifier>
    </Filter>
    <Filter Include="源文件\06">
      <UniqueIdentifier>{8a24a418-61df-434c-9e51-c2bb5be70358}</UniqueIdentifier>
    </Filter>
    <Filter Include="头文件\01">
      <UniqueIdentifier>{c6f2d1b0-c666-44d1-b16f-47a1438c1cd6}</UniqueIdentifier>
    </Filter>
    <Filter Include="头文件\02">
      <UniqueIdentifier>{c3036cb3-c7bc-475d-8114-b5d2f39d58b0}</UniqueIdentifier>
    </Filter>
    <Filter Include="头文件\03">
      <UniqueIdentifier>{d20b93ce-9fa7-4498-a719-bd5f140a0290}</UniqueIdentifier>
    </Filter>
    <Filter Include="头文件\04">
      <UniqueIdentifier>{9da8d2ab-a293-4c34-a889-6acaa90c3026}</UniqueIdentifier>
    </Filter>
    <Filter Include="头文件\05">
      <UniqueIdentifier>{f752937e-3d2c-4bb0-a07e-18fb68017c0b}</UniqueIdentifier>
    </Filter>
    <Filter Include="头文件\06">
      <UniqueIdentifier>{b7cdb6de-a826-4d9b-8ae2-3dc7755059b8}</UniqueIdentifier>
    </Filter>
    <Filter Include="头文件\04_Old">
      <UniqueIdentifier>{41e305a3-5e67-4d48-8b76-f83dccf1a406}</UniqueIdentifier>
    </Filter>
    <Filter Include="头文件\04_S">
      <UniqueIdentifier>{64b0218c-14f5-4192-91c2-b2c70fb43197}</UniqueIdentifier>
    </Filter>
    <Filter Include="头文件\07">
      <UniqueIdentifier>{b683d759-e9cf-4148-a3ae-81b0791e5324}</UniqueIdentifier>
    </Filter>
    <Filter Include="源文件\07">
      <UniqueIdentifier>{15a1641c-bc7f-46a5-a6e9-619faf0102a3}</UniqueIdentifier>
    </Filter>
    <Filter Include="源文件\08">
      <UniqueIdentifier>{c670ca94-406d-4ebe-85d2-e0089b878908}</UniqueIdentifier>
    </Filter>
    <Filter Include="头文件\08">
      <UniqueIdentifier>{10584e00-a03e-46e0-a934-d27a88e74274}</UniqueIdentifier>
    </Filter>
    <Filter Include="源文件\09">
      <UniqueIdentifier>{f4167478-1b1c-4512-8b69-d3efa203e7c7}</UniqueIdentifier>
    </Filter>
    <Filter Include="头文件\09">
      <UniqueIdentifier>{120eb215-3170-4689-8ace-853343b4f32a}</UniqueIdentifier>
    </Filter>
    <Filter Include="源文件\10">
      <UniqueIdentifier>{e45f54da-7fc1-4785-a668-c9f273b733e9}</UniqueIdentifier>
    </Filter>
    <Filter Include="头文件\10">
      <UniqueIdentifier>{3f33c2a3-bc03-4a72-8fdc-6077f6776635}</UniqueIdentifier>
    </Filter>
    <Filter Include="源文件\11">
      <UniqueIdentifier>{4c2ae0b2-289f-4018-bdde-c89879db28b0}</UniqueIdentifier>
    </Filter>
    <Filter Include="头文件\11">
      <UniqueIdentifier>{8de9f7d2-188d-402b-99f6-bf481d6b642a}</UniqueIdentifier>
    </Filter>
    <Filter Include="源文件\12">
      <UniqueIdentifier>{e49bd488-3360-4548-bda9-6fbf717d66eb}</UniqueIdentifier>
    </Filter>
    <Filter Include="头文件\12">
      <UniqueIdentifier>{a40ab3e6-54b1-4b9a-a4cc-755689e7deef}</UniqueIdentifier>
    </Filter>
    <Filter Include="源文件\13">
      <UniqueIdentifier>{dbc9d5f8-1318-40e3-b2a6-cdfede406566}</UniqueIdentifier>
    </Filter>
    <Filter Include="头文件\13">
      <UniqueIdentifier>{e38874c5-1084-4239-8390-37130ebf348a}</UniqueIdentifier>
    </Filter>
    <Filter Include="源文件\14">
      <UniqueIdentifier>{496fdd32-323b-453f-b39c-ebdc28c7616b}</UniqueIdentifier>
    </Filter>
    <Filter Include="头文件\14">
      <UniqueIdentifier>{0b001bbd-03d3-4e9f-89f7-31096585d703}</UniqueIdentifier>
    </Filter>
    <Filter Include="源文件\15">
      <UniqueIdentifier>{35d26570-bf45-4b84-889d-692603ec1c2a}</UniqueIdentifier>
    </Filter>
    <Filter Include="源文件\16">
      <UniqueIdentifier>{8efb139a-d2fc-4640-b9f0-ef7ca9ae9c4d}</UniqueIdentifier>
    </Filter>
    <Filter Include="头文件\15">
      <UniqueIdentifier>{c269a2b0-fc95-443c-9eed-47ccb740c24b}</UniqueIdentifier>
    </Filter>
    <Filter Include="头文件\16">
      <UniqueIdentifier>{48c2e522-ec1b-4299-b4f5-10777795ce68}</UniqueIdentifier>
    </Filter>
    <Filter Include="源文件\17">
      <UniqueIdentifier>{31c0e4b3-dddf-4f21-8fcf-c093cb8d7c27}</UniqueIdentifier>
    </Filter>
  </ItemGroup>
  <ItemGroup>
    <ClCompile Include="MyLearnCPP01.cpp">
      <Filter>源文件</Filter>
    </ClCompile>
    <ClCompile Include="_01_01_HelloWorld.cpp">
      <Filter>源文件\01</Filter>
    </ClCompile>
    <ClCompile Include="_01_04_VarInit.cpp">
      <Filter>源文件\01</Filter>
    </ClCompile>
    <ClCompile Include="_01_05_Iostream.cpp">
      <Filter>源文件\01</Filter>
    </ClCompile>
    <ClCompile Include="_01_06_UndefinedVar.cpp">
      <Filter>源文件\01</Filter>
    </ClCompile>
    <ClCompile Include="_01_10_FirstProgram.cpp">
      <Filter>源文件\01</Filter>
    </ClCompile>
    <ClCompile Include="_02_02_ReturnValue.cpp">
      <Filter>源文件\02</Filter>
    </ClCompile>
    <ClCompile Include="_02_03_FunctionWithArgs.cpp">
      <Filter>源文件\02</Filter>
    </ClCompile>
    <ClCompile Include="_02_06_WhitespaceFormatting.cpp">
      <Filter>源文件\02</Filter>
    </ClCompile>
    <ClCompile Include="_02_07_ForwardDeclDefine.cpp">
      <Filter>源文件\02</Filter>
    </ClCompile>
    <ClCompile Include="_02_08_MultipleCodeFiles.cpp">
      <Filter>源文件\02</Filter>
    </ClCompile>
    <ClCompile Include="_02_09_UsingNamespace.cpp">
      <Filter>源文件\02</Filter>
    </ClCompile>
    <ClCompile Include="_02_10_Preprocessor.cpp">
      <Filter>源文件\02</Filter>
    </ClCompile>
    <ClCompile Include="_03_06_UsingDebugger.cpp">
      <Filter>源文件\03</Filter>
    </ClCompile>
    <ClCompile Include="_03_04_BasicDebugging.cpp">
      <Filter>源文件\03</Filter>
    </ClCompile>
    <ClCompile Include="_04_02_Void.cpp">
      <Filter>源文件\04</Filter>
    </ClCompile>
    <ClCompile Include="_04_03_SizeOf.cpp">
      <Filter>源文件\04</Filter>
    </ClCompile>
    <ClCompile Include="_04_04_SignedIntegers.cpp">
      <Filter>源文件\04</Filter>
    </ClCompile>
    <ClCompile Include="_04_05_UnsignedIntegers .cpp">
      <Filter>源文件\04</Filter>
    </ClCompile>
    <ClCompile Include="_04_06_FixedWidthAndSize.cpp">
      <Filter>源文件\04</Filter>
    </ClCompile>
    <ClCompile Include="_04_07_ScientificNotation.cpp">
      <Filter>源文件\04</Filter>
    </ClCompile>
    <ClCompile Include="_04_08_FloatingPointNumbers.cpp">
      <Filter>源文件\04</Filter>
    </ClCompile>
    <ClCompile Include="_04_09_Boolean.cpp">
      <Filter>源文件\04</Filter>
    </ClCompile>
    <ClCompile Include="_04_11_Char.cpp">
      <Filter>源文件\04</Filter>
    </ClCompile>
    <ClCompile Include="_04_12_Literals.cpp">
      <Filter>源文件\04</Filter>
    </ClCompile>
    <ClCompile Include="_04_13_Const.cpp">
      <Filter>源文件\04</Filter>
    </ClCompile>
    <ClCompile Include="_04_Old_01_Operators.cpp">
      <Filter>源文件\04_Old</Filter>
    </ClCompile>
    <ClCompile Include="_04_S_01_ScopeAndType.cpp">
      <Filter>源文件\04_S</Filter>
    </ClCompile>
    <ClCompile Include="_04_S_02_Enum.cpp">
      <Filter>源文件\04_S</Filter>
    </ClCompile>
    <ClCompile Include="_04_S_03_Structs.cpp">
      <Filter>源文件\04_S</Filter>
    </ClCompile>
    <ClCompile Include="_04_S_04_Auto.cpp">
      <Filter>源文件\04_S</Filter>
    </ClCompile>
    <ClCompile Include="_05_01_Random.cpp">
      <Filter>源文件\05</Filter>
    </ClCompile>
    <ClCompile Include="_05_02_CheckInput.cpp">
      <Filter>源文件\05</Filter>
    </ClCompile>
    <ClCompile Include="_05_03_Sort.cpp">
      <Filter>源文件\05</Filter>
    </ClCompile>
    <ClCompile Include="_05_04_CStyleStrings.cpp">
      <Filter>源文件\05</Filter>
    </ClCompile>
    <ClCompile Include="_05_05_IntroductionPointers.cpp">
      <Filter>源文件\05</Filter>
    </ClCompile>
    <ClCompile Include="_05_06_NullPointers.cpp">
      <Filter>源文件\05</Filter>
    </ClCompile>
    <ClCompile Include="_05_07_PointerArithmetic.cpp">
      <Filter>源文件\05</Filter>
    </ClCompile>
    <ClCompile Include="_05_08_CStyleStringPtr.cpp">
      <Filter>源文件\05</Filter>
    </ClCompile>
    <ClCompile Include="_05_09_DynamicMemoryAllocation.cpp">
      <Filter>源文件\05</Filter>
    </ClCompile>
    <ClCompile Include="_05_10_PointersAndConst.cpp">
      <Filter>源文件\05</Filter>
    </ClCompile>
    <ClCompile Include="_05_11_ReferenceVariables.cpp">
      <Filter>源文件\05</Filter>
    </ClCompile>
    <ClCompile Include="_05_12_ForEachLoops.cpp">
      <Filter>源文件\05</Filter>
    </ClCompile>
    <ClCompile Include="_05_13_VoidPointer.cpp">
      <Filter>源文件\05</Filter>
    </ClCompile>
    <ClCompile Include="_05_14_PointersToPointers.cpp">
      <Filter>源文件\05</Filter>
    </ClCompile>
    <ClCompile Include="_05_15_Array.cpp">
      <Filter>源文件\05</Filter>
    </ClCompile>
    <ClCompile Include="_05_16_Vector.cpp">
      <Filter>源文件\05</Filter>
    </ClCompile>
    <ClCompile Include="_06_01_PassingArgumentsByReference.cpp">
      <Filter>源文件\06</Filter>
    </ClCompile>
    <ClCompile Include="_06_02_PassingArgumentsByAddress.cpp">
      <Filter>源文件\06</Filter>
    </ClCompile>
    <ClCompile Include="_06_03_ReturnValuesByValuesReferenceAddress.cpp">
      <Filter>源文件\06</Filter>
    </ClCompile>
    <ClCompile Include="_06_04_Inline.cpp">
      <Filter>源文件\06</Filter>
    </ClCompile>
    <ClCompile Include="_06_05_FunctionOverloading.cpp">
      <Filter>源文件\06</Filter>
    </ClCompile>
    <ClCompile Include="_06_06_DefaultArguments.cpp">
      <Filter>源文件\06</Filter>
    </ClCompile>
    <ClCompile Include="_06_07_FunctionPointers.cpp">
      <Filter>源文件\06</Filter>
    </ClCompile>
    <ClCompile Include="_06_08_VectorCapacityStackBehavior.cpp">
      <Filter>源文件\06</Filter>
    </ClCompile>
    <ClCompile Include="_06_09_Recursion.cpp">
      <Filter>源文件\06</Filter>
    </ClCompile>
    <ClCompile Include="_06_10_ErrorsAssertCerrExit.cpp">
      <Filter>源文件\06</Filter>
    </ClCompile>
    <ClCompile Include="_06_11_Assert.cpp">
      <Filter>源文件\06</Filter>
    </ClCompile>
    <ClCompile Include="_06_12_CommandLineArguments.cpp">
      <Filter>源文件\06</Filter>
    </ClCompile>
    <ClCompile Include="_06_13_Ellipsis.cpp">
      <Filter>源文件\06</Filter>
    </ClCompile>
    <ClCompile Include="_07_01_ClassesAndClassMembers.cpp">
      <Filter>源文件\07</Filter>
    </ClCompile>
    <ClCompile Include="_07_02_PublicPrivate.cpp">
      <Filter>源文件\07</Filter>
    </ClCompile>
    <ClCompile Include="_07_03_Encapsulation.cpp">
      <Filter>源文件\07</Filter>
    </ClCompile>
    <ClCompile Include="_07_04_Constructors.cpp">
      <Filter>源文件\07</Filter>
    </ClCompile>
    <ClCompile Include="_07_05_ConstructorMemberInitializerLists.cpp">
      <Filter>源文件\07</Filter>
    </ClCompile>
    <ClCompile Include="_07_06_InheritanceAndAccessSpecifiers.cpp">
      <Filter>源文件\07</Filter>
    </ClCompile>
    <ClCompile Include="_07_07_NonStaticMemberInitialization.cpp">
      <Filter>源文件\07</Filter>
    </ClCompile>
    <ClCompile Include="_07_08_OverlappingAndDelegatingConstructors.cpp">
      <Filter>源文件\07</Filter>
    </ClCompile>
    <ClCompile Include="_07_09_Destructors.cpp">
      <Filter>源文件\07</Filter>
    </ClCompile>
    <ClCompile Include="_07_10_HiddenThisPointer.cpp">
      <Filter>源文件\07</Filter>
    </ClCompile>
    <ClCompile Include="_07_11_ConstClassFunctions.cpp">
      <Filter>源文件\07</Filter>
    </ClCompile>
    <ClCompile Include="_07_12_StaticMemberVariables.cpp">
      <Filter>源文件\07</Filter>
    </ClCompile>
    <ClCompile Include="_07_13_StaticFunctions.cpp">
      <Filter>源文件\07</Filter>
    </ClCompile>
    <ClCompile Include="_07_14_FriendFunctionsClasses.cpp">
      <Filter>源文件\07</Filter>
    </ClCompile>
    <ClCompile Include="_07_15_AnonymousObjects.cpp">
      <Filter>源文件\07</Filter>
    </ClCompile>
    <ClCompile Include="_07_16_NestedTypesInClasses.cpp">
      <Filter>源文件\07</Filter>
    </ClCompile>
    <ClCompile Include="_07_17_TimingCode.cpp">
      <Filter>源文件\07</Filter>
    </ClCompile>
    <ClCompile Include="_08_01_ArithmeticOperators.cpp">
      <Filter>源文件\08</Filter>
    </ClCompile>
    <ClCompile Include="_08_02_OverloadingIOOperators.cpp">
      <Filter>源文件\08</Filter>
    </ClCompile>
    <ClCompile Include="_08_03_OverloadingOperatorsUsingMemberFunctions.cpp">
      <Filter>源文件\08</Filter>
    </ClCompile>
    <ClCompile Include="_08_04_OverloadingUnaryOperators.cpp">
      <Filter>源文件\08</Filter>
    </ClCompile>
    <ClCompile Include="_08_05_OverloadingComparisonOperators.cpp">
      <Filter>源文件\08</Filter>
    </ClCompile>
    <ClCompile Include="_08_06_OverloadingIncrementDecrementOperators.cpp">
      <Filter>源文件\08</Filter>
    </ClCompile>
    <ClCompile Include="_08_07_OverloadingSubscriptOperator.cpp">
      <Filter>源文件\08</Filter>
    </ClCompile>
    <ClCompile Include="_08_08_OverloadingParenthesisOperator.cpp">
      <Filter>源文件\08</Filter>
    </ClCompile>
    <ClCompile Include="_08_09_OverloadingTypecasts.cpp">
      <Filter>源文件\08</Filter>
    </ClCompile>
    <ClCompile Include="_08_10_CopyConstructor.cpp">
      <Filter>源文件\08</Filter>
    </ClCompile>
    <ClCompile Include="_08_11_CopyInitialization.cpp">
      <Filter>源文件\08</Filter>
    </ClCompile>
    <ClCompile Include="_08_12_ConvertingConstructorsExplicitDelete.cpp">
      <Filter>源文件\08</Filter>
    </ClCompile>
    <ClCompile Include="_08_13_OverloadingAssignmentOperator.cpp">
      <Filter>源文件\08</Filter>
    </ClCompile>
    <ClCompile Include="_08_14_ShallowSeepCopying.cpp">
      <Filter>源文件\08</Filter>
    </ClCompile>
    <ClCompile Include="_09_01_Composition.cpp">
      <Filter>源文件\09</Filter>
    </ClCompile>
    <ClCompile Include="_09_02_Aggregation.cpp">
      <Filter>源文件\09</Filter>
    </ClCompile>
    <ClCompile Include="_09_03_Association.cpp">
      <Filter>源文件\09</Filter>
    </ClCompile>
    <ClCompile Include="_09_04_Dpendencies.cpp">
      <Filter>源文件\09</Filter>
    </ClCompile>
    <ClCompile Include="_09_05_Container.cpp">
      <Filter>源文件\09</Filter>
    </ClCompile>
    <ClCompile Include="_09_06_InitializerList.cpp">
      <Filter>源文件\09</Filter>
    </ClCompile>
    <ClCompile Include="_10_01_BasicInheritance.cpp">
      <Filter>源文件\10</Filter>
    </ClCompile>
    <ClCompile Include="_10_02_OrderConstructionClasses.cpp">
      <Filter>源文件\10</Filter>
    </ClCompile>
    <ClCompile Include="_10_03_ConstructorsInitializationClasses.cpp">
      <Filter>源文件\10</Filter>
    </ClCompile>
    <ClCompile Include="_10_04_InheritanceAccessSpecifiers.cpp">
      <Filter>源文件\10</Filter>
    </ClCompile>
    <ClCompile Include="_10_05_AddingNewFunctionality.cpp">
      <Filter>源文件\10</Filter>
    </ClCompile>
    <ClCompile Include="_10_6_InheritedOverridingFunctions.cpp">
      <Filter>源文件\10</Filter>
    </ClCompile>
    <ClCompile Include="_10_7_MultipleInheritance.cpp">
      <Filter>源文件\10</Filter>
    </ClCompile>
    <ClCompile Include="_11_01_PointersReferencesBaseClass.cpp">
      <Filter>源文件\11</Filter>
    </ClCompile>
    <ClCompile Include="_11_02_VirtualFunctionsAndPolymorphism.cpp">
      <Filter>源文件\11</Filter>
    </ClCompile>
    <ClCompile Include="_11_03_OverrideFinalAndCovariantReturnTypes.cpp">
      <Filter>源文件\11</Filter>
    </ClCompile>
    <ClCompile Include="_11_04_VirtualDestructorsVirtualAssignmentOverridingVirtualization.cpp">
      <Filter>源文件\11</Filter>
    </ClCompile>
    <ClCompile Include="_11_05_EarlyBindingLateBinding.cpp">
      <Filter>源文件\11</Filter>
    </ClCompile>
    <ClCompile Include="_11_06_VirtualTable.cpp">
      <Filter>源文件\11</Filter>
    </ClCompile>
    <ClCompile Include="_11_07_PureVirtualAndAbstractAndInterface.cpp">
      <Filter>源文件\11</Filter>
    </ClCompile>
    <ClCompile Include="_11_08_VirtualBaseClasses.cpp">
      <Filter>源文件\11</Filter>
    </ClCompile>
    <ClCompile Include="_11_09_ObjectSlicing.cpp">
      <Filter>源文件\11</Filter>
    </ClCompile>
    <ClCompile Include="_11_10_DynamicStaticCasting.cpp">
      <Filter>源文件\11</Filter>
    </ClCompile>
    <ClCompile Include="_11_11_PrintingUsingOperator.cpp">
      <Filter>源文件\11</Filter>
    </ClCompile>
    <ClCompile Include="_12_02_FunctionTemplateInstances.cpp">
      <Filter>源文件\12</Filter>
    </ClCompile>
    <ClCompile Include="_12_01_FunctionTemplates.cpp">
      <Filter>源文件\12</Filter>
    </ClCompile>
    <ClCompile Include="_12_03_TemplateClasses.cpp">
      <Filter>源文件\12</Filter>
    </ClCompile>
    <ClCompile Include="_12_04_TemplateNonTypeParameters.cpp">
      <Filter>源文件\12</Filter>
    </ClCompile>
    <ClCompile Include="_12_05_FunctionTemplateSpecialization.cpp">
      <Filter>源文件\12</Filter>
    </ClCompile>
    <ClCompile Include="_12_06_ClassTemplateSpecialization.cpp">
      <Filter>源文件\12</Filter>
    </ClCompile>
    <ClCompile Include="_12_07_PartialTemplateSpecialization.cpp">
      <Filter>源文件\12</Filter>
    </ClCompile>
    <ClCompile Include="_12_08_PartialTemplateSpecializationPointers.cpp">
      <Filter>源文件\12</Filter>
    </ClCompile>
    <ClCompile Include="_13_01_TheNeedForExceptions.cpp">
      <Filter>源文件\13</Filter>
    </ClCompile>
    <ClCompile Include="_13_02_BasicExceptionHandling.cpp">
      <Filter>源文件\13</Filter>
    </ClCompile>
    <ClCompile Include="_13_03_ExceptionsFunctionsAndStackUnwinding.cpp">
      <Filter>源文件\13</Filter>
    </ClCompile>
    <ClCompile Include="_13_04_UncaughtExceptionsCatchAllHandlersExceptionSpecifiers.cpp">
      <Filter>源文件\13</Filter>
    </ClCompile>
    <ClCompile Include="_13_05_ExceptionsClassesAndInheritance.cpp">
      <Filter>源文件\13</Filter>
    </ClCompile>
    <ClCompile Include="_13_06_RethrowingExceptions.cpp">
      <Filter>源文件\13</Filter>
    </ClCompile>
    <ClCompile Include="_13_07_FunctionTryBlocks.cpp">
      <Filter>源文件\13</Filter>
    </ClCompile>
    <ClCompile Include="_13_08_ExceptionDangersAndDownsides.cpp">
      <Filter>源文件\13</Filter>
    </ClCompile>
    <ClCompile Include="_14_01_IntroToSmartPointersAndMoveSemantics.cpp">
      <Filter>源文件\14</Filter>
    </ClCompile>
    <ClCompile Include="_14_02_RValueReferences.cpp">
      <Filter>源文件\14</Filter>
    </ClCompile>
    <ClCompile Include="_14_03_MoveConstructorsAndMoveAssignment.cpp">
      <Filter>源文件\14</Filter>
    </ClCompile>
    <ClCompile Include="_14_04_StdMove.cpp">
      <Filter>源文件\14</Filter>
    </ClCompile>
    <ClCompile Include="_14_05_StdUniquePtr.cpp">
      <Filter>源文件\14</Filter>
    </ClCompile>
    <ClCompile Include="_14_06_StdSharedPtr.cpp">
      <Filter>源文件\14</Filter>
    </ClCompile>
    <ClCompile Include="_14_07_CircularDependencyStdSharedPtrAndStdWeakPtr.cpp">
      <Filter>源文件\14</Filter>
    </ClCompile>
    <ClCompile Include="_15_01_STLContainersOverview.cpp">
      <Filter>源文件\15</Filter>
    </ClCompile>
    <ClCompile Include="_16_03_StdStringLengthAndCapacity.cpp">
      <Filter>源文件\16</Filter>
    </ClCompile>
    <ClCompile Include="_15_02_STLIteratorsOverview.cpp">
      <Filter>源文件\15</Filter>
    </ClCompile>
    <ClCompile Include="_15_03_STLAlgorithmsOverview.cpp">
      <Filter>源文件\15</Filter>
    </ClCompile>
    <ClCompile Include="_16_01_StdStringAndStdWstring.cpp">
      <Filter>源文件\16</Filter>
    </ClCompile>
    <ClCompile Include="_16_02_StdStringConstructionAndDestruction.cpp">
      <Filter>源文件\16</Filter>
    </ClCompile>
    <ClCompile Include="_16_04_StdStringCharacterAccessAndConversion.cpp">
      <Filter>源文件\16</Filter>
    </ClCompile>
    <ClCompile Include="_16_05_StdStringAssignmentAndSwapping.cpp">
      <Filter>源文件\16</Filter>
    </ClCompile>
    <ClCompile Include="_16_06_StdStringAppending.cpp">
      <Filter>源文件\16</Filter>
    </ClCompile>
    <ClCompile Include="_16_07_StdStringInserting.cpp">
      <Filter>源文件\16</Filter>
    </ClCompile>
    <ClCompile Include="_17_01_InputWithIStream.cpp">
      <Filter>源文件\17</Filter>
    </ClCompile>
    <ClCompile Include="_17_02_OutputWithOstreamAndIos.cpp">
      <Filter>源文件\17</Filter>
    </ClCompile>
    <ClCompile Include="_17_03_StreamClassesForStrings.cpp">
      <Filter>源文件\17</Filter>
    </ClCompile>
    <ClCompile Include="_17_04_StreamStatesAndInputValidation.cpp">
      <Filter>源文件\17</Filter>
    </ClCompile>
  </ItemGroup>
  <ItemGroup>
    <ClInclude Include="MyLearnCPP01.h">
      <Filter>头文件</Filter>
    </ClInclude>
    <ClInclude Include="_01_01_HelloWorld.h">
      <Filter>头文件\01</Filter>
    </ClInclude>
    <ClInclude Include="_01_04_VarInit.h">
      <Filter>头文件\01</Filter>
    </ClInclude>
    <ClInclude Include="_01_05_Iostream.h">
      <Filter>头文件\01</Filter>
    </ClInclude>
    <ClInclude Include="_01_06_UndefinedVar.h">
      <Filter>头文件\01</Filter>
    </ClInclude>
    <ClInclude Include="_01_10_FirstProgram.h">
      <Filter>头文件\01</Filter>
    </ClInclude>
    <ClInclude Include="_02_02_ReturnValue.h">
      <Filter>头文件\02</Filter>
    </ClInclude>
    <ClInclude Include="_02_03_FunctionWithArgs.h">
      <Filter>头文件\02</Filter>
    </ClInclude>
    <ClInclude Include="_02_06_WhitespaceFormatting.h">
      <Filter>头文件\02</Filter>
    </ClInclude>
    <ClInclude Include="_02_07_ForwardDeclDefine.h">
      <Filter>头文件\02</Filter>
    </ClInclude>
    <ClInclude Include="_02_08_MultipleCodeFiles.h">
      <Filter>头文件\02</Filter>
    </ClInclude>
    <ClInclude Include="_02_09_UsingNamespace.h">
      <Filter>头文件\02</Filter>
    </ClInclude>
    <ClInclude Include="_02_10_Preprocessor.h">
      <Filter>头文件\02</Filter>
    </ClInclude>
    <ClInclude Include="_03_04_BasicDebugging.h">
      <Filter>头文件\03</Filter>
    </ClInclude>
    <ClInclude Include="_03_06_UsingDebugger.h">
      <Filter>头文件\03</Filter>
    </ClInclude>
    <ClInclude Include="_04_02_Void.h">
      <Filter>头文件\04</Filter>
    </ClInclude>
    <ClInclude Include="_04_03_SizeOf.h">
      <Filter>头文件\04</Filter>
    </ClInclude>
    <ClInclude Include="_04_04_SignedIntegers.h">
      <Filter>头文件\04</Filter>
    </ClInclude>
    <ClInclude Include="_04_05_Unsigned .h">
      <Filter>头文件\04</Filter>
    </ClInclude>
    <ClInclude Include="_04_06_FixedWidthAndSize.h">
      <Filter>头文件\04</Filter>
    </ClInclude>
    <ClInclude Include="_04_07_ScientificNotation.h">
      <Filter>头文件\04</Filter>
    </ClInclude>
    <ClInclude Include="_04_08_FloatingPointNumbers.h">
      <Filter>头文件\04</Filter>
    </ClInclude>
    <ClInclude Include="_04_09_Boolean.h">
      <Filter>头文件\04</Filter>
    </ClInclude>
    <ClInclude Include="_04_11_Char.h">
      <Filter>头文件\04</Filter>
    </ClInclude>
    <ClInclude Include="_04_12_Literals.h">
      <Filter>头文件\04</Filter>
    </ClInclude>
    <ClInclude Include="_04_13_Const.h">
      <Filter>头文件\04</Filter>
    </ClInclude>
    <ClInclude Include="_04_Old_01_Operators.h">
      <Filter>头文件\04_Old</Filter>
    </ClInclude>
    <ClInclude Include="_04_S_01_ScopeAndType.h">
      <Filter>头文件\04_S</Filter>
    </ClInclude>
    <ClInclude Include="_04_S_02_Enum.h">
      <Filter>头文件\04_S</Filter>
    </ClInclude>
    <ClInclude Include="_04_S_03_Structs.h">
      <Filter>头文件\04_S</Filter>
    </ClInclude>
    <ClInclude Include="_04_S_04_Auto.h">
      <Filter>头文件\04_S</Filter>
    </ClInclude>
    <ClInclude Include="_05_01_Random.h">
      <Filter>头文件\05</Filter>
    </ClInclude>
    <ClInclude Include="_05_02_CheckInput.h">
      <Filter>头文件\05</Filter>
    </ClInclude>
    <ClInclude Include="_05_03_Sort.h">
      <Filter>头文件\05</Filter>
    </ClInclude>
    <ClInclude Include="_05_04_CStyleStrings.h">
      <Filter>头文件\05</Filter>
    </ClInclude>
    <ClInclude Include="_05_05_IntroductionPointers.h">
      <Filter>头文件\05</Filter>
    </ClInclude>
    <ClInclude Include="_05_06_NullPointers.h">
      <Filter>头文件\05</Filter>
    </ClInclude>
    <ClInclude Include="_05_07_PointerArithmetic.h">
      <Filter>头文件\05</Filter>
    </ClInclude>
    <ClInclude Include="_05_08_CStyleStringPtr.h">
      <Filter>头文件\05</Filter>
    </ClInclude>
    <ClInclude Include="_05_09_DynamicMemoryAllocation.h">
      <Filter>头文件\05</Filter>
    </ClInclude>
    <ClInclude Include="_05_10_PointersAndConst.h">
      <Filter>头文件\05</Filter>
    </ClInclude>
    <ClInclude Include="_05_11_ReferenceVariables.h">
      <Filter>头文件\05</Filter>
    </ClInclude>
    <ClInclude Include="_05_12_ForEachLoops.h">
      <Filter>头文件\05</Filter>
    </ClInclude>
    <ClInclude Include="_05_13_VoidPointer.h">
      <Filter>头文件\05</Filter>
    </ClInclude>
    <ClInclude Include="_05_14_PointersToPointers.h">
      <Filter>头文件\05</Filter>
    </ClInclude>
    <ClInclude Include="_05_15_Array.h">
      <Filter>头文件\05</Filter>
    </ClInclude>
    <ClInclude Include="_05_16_Vector.h">
      <Filter>头文件\05</Filter>
    </ClInclude>
    <ClInclude Include="_06_01_PassingArgumentsByReference.h">
      <Filter>头文件\06</Filter>
    </ClInclude>
    <ClInclude Include="_06_02_PassingArgumentsByAddress.h">
      <Filter>头文件\06</Filter>
    </ClInclude>
    <ClInclude Include="_06_03_ReturnValuesByValuesReferenceAddress.h">
      <Filter>头文件\06</Filter>
    </ClInclude>
    <ClInclude Include="_06_04_Inline.h">
      <Filter>头文件\06</Filter>
    </ClInclude>
    <ClInclude Include="_06_05_FunctionOverloading.h">
      <Filter>头文件\06</Filter>
    </ClInclude>
    <ClInclude Include="_06_06_DefaultArguments.h">
      <Filter>头文件\06</Filter>
    </ClInclude>
    <ClInclude Include="_06_07_FunctionPointers.h">
      <Filter>头文件\06</Filter>
    </ClInclude>
    <ClInclude Include="_06_08_VectorCapacityStackBehavior.h">
      <Filter>头文件\06</Filter>
    </ClInclude>
    <ClInclude Include="_06_09_Recursion.h">
      <Filter>头文件\06</Filter>
    </ClInclude>
    <ClInclude Include="_06_10_ErrorsAssertCerrExit.h">
      <Filter>头文件\06</Filter>
    </ClInclude>
    <ClInclude Include="_06_11_Assert.h">
      <Filter>头文件\06</Filter>
    </ClInclude>
    <ClInclude Include="_06_12_CommandLineArguments.h">
      <Filter>头文件\06</Filter>
    </ClInclude>
    <ClInclude Include="_06_13_Ellipsis.h">
      <Filter>头文件\06</Filter>
    </ClInclude>
    <ClInclude Include="_07_01_ClassesAndClassMembers.h">
      <Filter>头文件\07</Filter>
    </ClInclude>
    <ClInclude Include="_07_02_PublicPrivate.h">
      <Filter>头文件\07</Filter>
    </ClInclude>
    <ClInclude Include="_07_03_Encapsulation.h">
      <Filter>头文件\07</Filter>
    </ClInclude>
    <ClInclude Include="_07_04_Constructors.h">
      <Filter>头文件\07</Filter>
    </ClInclude>
    <ClInclude Include="_07_05_ConstructorMemberInitializerLists.h">
      <Filter>头文件\07</Filter>
    </ClInclude>
    <ClInclude Include="_07_07_NonStaticMemberInitialization.h">
      <Filter>头文件\07</Filter>
    </ClInclude>
    <ClInclude Include="_07_06_InheritanceAndAccessSpecifiers.h">
      <Filter>头文件\07</Filter>
    </ClInclude>
    <ClInclude Include="_07_08_OverlappingAndDelegatingConstructors.h">
      <Filter>头文件\07</Filter>
    </ClInclude>
    <ClInclude Include="_07_09_Destructors.h">
      <Filter>头文件\07</Filter>
    </ClInclude>
    <ClInclude Include="_07_10_HiddenThisPointer.h">
      <Filter>头文件\07</Filter>
    </ClInclude>
    <ClInclude Include="_07_11_ConstClassFunctions.h">
      <Filter>头文件\07</Filter>
    </ClInclude>
    <ClInclude Include="_07_12_StaticMemberVariables.h">
      <Filter>头文件\07</Filter>
    </ClInclude>
    <ClInclude Include="_07_13_StaticFunctions.h">
      <Filter>头文件\07</Filter>
    </ClInclude>
    <ClInclude Include="_07_14_FriendFunctionsClasses.h">
      <Filter>头文件\07</Filter>
    </ClInclude>
    <ClInclude Include="_07_15_AnonymousObjects.h">
      <Filter>头文件\07</Filter>
    </ClInclude>
    <ClInclude Include="_07_17_TimingCode.h">
      <Filter>头文件\07</Filter>
    </ClInclude>
    <ClInclude Include="_07_16_NestedTypesInClasses.h">
      <Filter>头文件\07</Filter>
    </ClInclude>
    <ClInclude Include="_08_01_ArithmeticOperators.h">
      <Filter>头文件\08</Filter>
    </ClInclude>
    <ClInclude Include="_08_02_OverloadingIOOperators.h">
      <Filter>头文件\08</Filter>
    </ClInclude>
    <ClInclude Include="_08_03_OverloadingOperatorsUsingMemberFunctions.h">
      <Filter>头文件\08</Filter>
    </ClInclude>
    <ClInclude Include="_08_04_OverloadingUnaryOperators.h">
      <Filter>头文件\08</Filter>
    </ClInclude>
    <ClInclude Include="_08_05_OverloadingComparisonOperators.h">
      <Filter>头文件\08</Filter>
    </ClInclude>
    <ClInclude Include="_08_06_OverloadingIncrementDecrementOperators.h">
      <Filter>头文件\08</Filter>
    </ClInclude>
    <ClInclude Include="_08_07_OverloadingSubscriptOperator.h">
      <Filter>头文件\08</Filter>
    </ClInclude>
    <ClInclude Include="_08_08_OverloadingParenthesisOperator.h">
      <Filter>头文件\08</Filter>
    </ClInclude>
    <ClInclude Include="_08_09_OverloadingTypecasts.h">
      <Filter>头文件\08</Filter>
    </ClInclude>
    <ClInclude Include="_08_10_CopyConstructor.h">
      <Filter>头文件\08</Filter>
    </ClInclude>
    <ClInclude Include="_08_11_CopyInitialization.h">
      <Filter>头文件\08</Filter>
    </ClInclude>
    <ClInclude Include="_08_12_ConvertingConstructorsExplicitDelete.h">
      <Filter>头文件\08</Filter>
    </ClInclude>
    <ClInclude Include="_08_13_OverloadingAssignmentOperator.h">
      <Filter>头文件\08</Filter>
    </ClInclude>
    <ClInclude Include="_08_14_ShallowSeepCopying.h">
      <Filter>头文件\08</Filter>
    </ClInclude>
    <ClInclude Include="_09_01_Composition.h">
      <Filter>头文件\09</Filter>
    </ClInclude>
    <ClInclude Include="_09_02_Aggregation.h">
      <Filter>头文件\09</Filter>
    </ClInclude>
    <ClInclude Include="_09_03_Association.h">
      <Filter>头文件\09</Filter>
    </ClInclude>
    <ClInclude Include="_09_04_Dpendencies.h">
      <Filter>头文件\09</Filter>
    </ClInclude>
    <ClInclude Include="_09_05_Container.h">
      <Filter>头文件\09</Filter>
    </ClInclude>
    <ClInclude Include="_09_06_InitializerList.h">
      <Filter>头文件\09</Filter>
    </ClInclude>
    <ClInclude Include="_10_01_BasicInheritance.h">
      <Filter>头文件\10</Filter>
    </ClInclude>
    <ClInclude Include="_10_02_OrderConstructionClasses.h">
      <Filter>头文件\10</Filter>
    </ClInclude>
    <ClInclude Include="_10_6_InheritedOverridingFunctions.h">
      <Filter>头文件\10</Filter>
    </ClInclude>
    <ClInclude Include="_10_05_AddingNewFunctionality.h">
      <Filter>头文件\10</Filter>
    </ClInclude>
    <ClInclude Include="_10_04_InheritanceAccessSpecifiers.h">
      <Filter>头文件\10</Filter>
    </ClInclude>
    <ClInclude Include="_10_03_ConstructorsInitializationClasses.h">
      <Filter>头文件\10</Filter>
    </ClInclude>
    <ClInclude Include="_10_7_MultipleInheritance.h">
      <Filter>头文件\10</Filter>
    </ClInclude>
    <ClInclude Include="_11_01_PointersReferencesBaseClass.h">
      <Filter>头文件\11</Filter>
    </ClInclude>
    <ClInclude Include="_11_02_VirtualFunctionsAndPolymorphism.h">
      <Filter>头文件\11</Filter>
    </ClInclude>
    <ClInclude Include="_11_03_OverrideFinalAndCovariantReturnTypes.h">
      <Filter>头文件\11</Filter>
    </ClInclude>
    <ClInclude Include="_11_04_VirtualDestructorsVirtualAssignmentOverridingVirtualization.h">
      <Filter>头文件\11</Filter>
    </ClInclude>
    <ClInclude Include="_11_05_EarlyBindingLateBinding.h">
      <Filter>头文件\11</Filter>
    </ClInclude>
    <ClInclude Include="_11_06_VirtualTable.h">
      <Filter>头文件\11</Filter>
    </ClInclude>
    <ClInclude Include="_11_07_PureVirtualAndAbstractAndInterface.h">
      <Filter>头文件\11</Filter>
    </ClInclude>
    <ClInclude Include="_11_08_VirtualBaseClasses.h">
      <Filter>头文件\11</Filter>
    </ClInclude>
    <ClInclude Include="_11_09_ObjectSlicing.h">
      <Filter>头文件\11</Filter>
    </ClInclude>
    <ClInclude Include="_11_10_DynamicStaticCasting.h">
      <Filter>头文件\11</Filter>
    </ClInclude>
    <ClInclude Include="_11_11_PrintingUsingOperator.h">
      <Filter>头文件\11</Filter>
    </ClInclude>
    <ClInclude Include="_12_01_FunctionTemplates.h">
      <Filter>头文件\12</Filter>
    </ClInclude>
    <ClInclude Include="_12_02_FunctionTemplateInstances.h">
      <Filter>头文件\12</Filter>
    </ClInclude>
    <ClInclude Include="_12_03_TemplateClasses.h">
      <Filter>头文件\12</Filter>
    </ClInclude>
    <ClInclude Include="_12_04_TemplateNonTypeParameters.h">
      <Filter>头文件\12</Filter>
    </ClInclude>
    <ClInclude Include="_12_05_FunctionTemplateSpecialization.h">
      <Filter>头文件\12</Filter>
    </ClInclude>
    <ClInclude Include="_12_06_ClassTemplateSpecialization.h">
      <Filter>头文件\12</Filter>
    </ClInclude>
    <ClInclude Include="_12_07_PartialTemplateSpecialization.h">
      <Filter>头文件\12</Filter>
    </ClInclude>
    <ClInclude Include="_12_08_PartialTemplateSpecializationPointers.h">
      <Filter>头文件\12</Filter>
    </ClInclude>
    <ClInclude Include="_13_01_TheNeedForExceptions.h">
      <Filter>头文件\13</Filter>
    </ClInclude>
    <ClInclude Include="_13_02_BasicExceptionHandling.h">
      <Filter>头文件\13</Filter>
    </ClInclude>
    <ClInclude Include="_13_03_ExceptionsFunctionsAndStackUnwinding.h">
      <Filter>头文件\13</Filter>
    </ClInclude>
    <ClInclude Include="_13_04_UncaughtExceptionsCatchAllHandlersExceptionSpecifiers.h">
      <Filter>头文件\13</Filter>
    </ClInclude>
    <ClInclude Include="_13_05_ExceptionsClassesAndInheritance.h">
      <Filter>头文件\13</Filter>
    </ClInclude>
    <ClInclude Include="_13_06_RethrowingExceptions.h">
      <Filter>头文件\13</Filter>
    </ClInclude>
    <ClInclude Include="_13_07_FunctionTryBlocks.h">
      <Filter>头文件\13</Filter>
    </ClInclude>
    <ClInclude Include="_13_08_ExceptionDangersAndDownsides.h">
      <Filter>头文件\13</Filter>
    </ClInclude>
    <ClInclude Include="_14_01_IntroToSmartPointersAndMoveSemantics.h">
      <Filter>头文件\14</Filter>
    </ClInclude>
    <ClInclude Include="_14_02_RValueReferences.h">
      <Filter>头文件\14</Filter>
    </ClInclude>
    <ClInclude Include="_14_03_MoveConstructorsAndMoveAssignment.h">
      <Filter>头文件\14</Filter>
    </ClInclude>
    <ClInclude Include="_14_04_StdMove.h">
      <Filter>头文件\14</Filter>
    </ClInclude>
    <ClInclude Include="_14_05_StdUniquePtr.h">
      <Filter>头文件\14</Filter>
    </ClInclude>
    <ClInclude Include="_14_06_StdSharedPtr.h">
      <Filter>头文件\14</Filter>
    </ClInclude>
    <ClInclude Include="_14_07_CircularDependencyStdSharedPtrAndStdWeakPtr.h">
      <Filter>头文件\14</Filter>
    </ClInclude>
    <ClInclude Include="_15_02_STLIteratorsOverview.h">
      <Filter>头文件\15</Filter>
    </ClInclude>
    <ClInclude Include="_15_03_STLAlgorithmsOverview.h">
      <Filter>头文件\15</Filter>
    </ClInclude>
    <ClInclude Include="_15_01_STLContainersOverview.h">
      <Filter>头文件\15</Filter>
    </ClInclude>
    <ClInclude Include="_16_01_StdStringAndStdWstring.h">
      <Filter>头文件\16</Filter>
    </ClInclude>
    <ClInclude Include="_16_02_StdStringConstructionAndDestruction.h">
      <Filter>头文件\16</Filter>
    </ClInclude>
    <ClInclude Include="_16_03_StdStringLengthAndCapacity.h">
      <Filter>头文件\16</Filter>
    </ClInclude>
    <ClInclude Include="_16_04_StdStringCharacterAccessAndConversion.h">
      <Filter>头文件\16</Filter>
    </ClInclude>
    <ClInclude Include="_16_05_StdStringAssignmentAndSwapping.h">
      <Filter>头文件\16</Filter>
    </ClInclude>
    <ClInclude Include="_16_06_StdStringAppending.h">
      <Filter>头文件\16</Filter>
    </ClInclude>
    <ClInclude Include="_16_07_StdStringInserting.h">
      <Filter>头文件\16</Filter>
    </ClInclude>
    <ClInclude Include="_17_01_InputWithIStream.h">
      <Filter>源文件\17</Filter>
    </ClInclude>
    <ClInclude Include="_17_02_OutputWithOstreamAndIos.h">
      <Filter>源文件\17</Filter>
    </ClInclude>
    <ClInclude Include="_17_03_StreamClassesForStrings.h">
      <Filter>源文件\17</Filter>
    </ClInclude>
    <ClInclude Include="_17_04_StreamStatesAndInputValidation.h">
      <Filter>源文件\17</Filter>
    </ClInclude>
  </ItemGroup>
</Project>