<?xml version="1.0" encoding="utf-8"?>
<Project ToolsVersion="4.0" xmlns="http://schemas.microsoft.com/developer/msbuild/2003">
  <ItemGroup>
    <Filter Include="源文件">
      <UniqueIdentifier>{4FC737F1-C7A5-4376-A066-2A32D752A2FF}</UniqueIdentifier>
      <Extensions>cpp;c;cc;cxx;def;odl;idl;hpj;bat;asm;asmx</Extensions>
    </Filter>
    <Filter Include="头文件">
      <UniqueIdentifier>{93995380-89BD-4b04-88EB-625FBE52EBFB}</UniqueIdentifier>
      <Extensions>h;hh;hpp;hxx;hm;inl;inc;ipp;xsd</Extensions>
    </Filter>
    <Filter Include="资源文件">
      <UniqueIdentifier>{67DA6AB6-F800-4c08-8B7A-83BB121AAD01}</UniqueIdentifier>
      <Extensions>rc;ico;cur;bmp;dlg;rc2;rct;bin;rgs;gif;jpg;jpeg;jpe;resx;tiff;tif;png;wav;mfcribbon-ms</Extensions>
    </Filter>
  </ItemGroup>
  <ItemGroup>
    <ClCompile Include="MyLearnCPP01.cpp">
      <Filter>源文件</Filter>
    </ClCompile>
    <ClCompile Include="_01_01_HelloWorld.cpp">
      <Filter>源文件</Filter>
    </ClCompile>
    <ClCompile Include="_01_04_VarInit.cpp">
      <Filter>源文件</Filter>
    </ClCompile>
    <ClCompile Include="_01_05_Iostream.cpp">
      <Filter>源文件</Filter>
    </ClCompile>
    <ClCompile Include="_01_06_UndefinedVar.cpp">
      <Filter>源文件</Filter>
    </ClCompile>
    <ClCompile Include="_01_10_FirstProgram.cpp">
      <Filter>源文件</Filter>
    </ClCompile>
    <ClCompile Include="_02_02_ReturnValue.cpp">
      <Filter>源文件</Filter>
    </ClCompile>
    <ClCompile Include="_02_03_FunctionWithArgs.cpp">
      <Filter>源文件</Filter>
    </ClCompile>
    <ClCompile Include="_02_06_WhitespaceFormatting.cpp">
      <Filter>源文件</Filter>
    </ClCompile>
    <ClCompile Include="_02_07_ForwardDeclDefine.cpp">
      <Filter>源文件</Filter>
    </ClCompile>
    <ClCompile Include="_02_08_MultipleCodeFiles.cpp">
      <Filter>源文件</Filter>
    </ClCompile>
    <ClCompile Include="_02_09_UsingNamespace.cpp">
      <Filter>源文件</Filter>
    </ClCompile>
    <ClCompile Include="_02_10_Preprocessor.cpp">
      <Filter>源文件</Filter>
    </ClCompile>
    <ClCompile Include="_03_04_BasicDebugging.cpp">
      <Filter>源文件</Filter>
    </ClCompile>
    <ClCompile Include="_03_06_UsingDebugger.cpp">
      <Filter>源文件</Filter>
    </ClCompile>
    <ClCompile Include="_04_02_Void.cpp">
      <Filter>源文件</Filter>
    </ClCompile>
    <ClCompile Include="_04_03_SizeOf.cpp">
      <Filter>源文件</Filter>
    </ClCompile>
    <ClCompile Include="_04_04_SignedIntegers.cpp">
      <Filter>源文件</Filter>
    </ClCompile>
    <ClCompile Include="_04_05_UnsignedIntegers .cpp">
      <Filter>源文件</Filter>
    </ClCompile>
    <ClCompile Include="_04_06_FixedWidthAndSize.cpp">
      <Filter>源文件</Filter>
    </ClCompile>
  </ItemGroup>
  <ItemGroup>
    <ClInclude Include="_01_01_HelloWorld.h">
      <Filter>头文件</Filter>
    </ClInclude>
    <ClInclude Include="_01_04_VarInit.h">
      <Filter>头文件</Filter>
    </ClInclude>
    <ClInclude Include="_01_05_Iostream.h">
      <Filter>头文件</Filter>
    </ClInclude>
    <ClInclude Include="MyLearnCPP01.h">
      <Filter>头文件</Filter>
    </ClInclude>
    <ClInclude Include="_01_06_UndefinedVar.h">
      <Filter>头文件</Filter>
    </ClInclude>
    <ClInclude Include="_01_10_FirstProgram.h">
      <Filter>头文件</Filter>
    </ClInclude>
    <ClInclude Include="_02_02_ReturnValue.h">
      <Filter>头文件</Filter>
    </ClInclude>
    <ClInclude Include="_02_03_FunctionWithArgs.h">
      <Filter>头文件</Filter>
    </ClInclude>
    <ClInclude Include="_02_06_WhitespaceFormatting.h">
      <Filter>头文件</Filter>
    </ClInclude>
    <ClInclude Include="_02_07_ForwardDeclDefine.h">
      <Filter>头文件</Filter>
    </ClInclude>
    <ClInclude Include="_02_08_MultipleCodeFiles.h">
      <Filter>头文件</Filter>
    </ClInclude>
    <ClInclude Include="_02_09_UsingNamespace.h">
      <Filter>头文件</Filter>
    </ClInclude>
    <ClInclude Include="_02_10_Preprocessor.h">
      <Filter>头文件</Filter>
    </ClInclude>
    <ClInclude Include="_03_04_BasicDebugging.h">
      <Filter>头文件</Filter>
    </ClInclude>
    <ClInclude Include="_03_06_UsingDebugger.h">
      <Filter>头文件</Filter>
    </ClInclude>
    <ClInclude Include="_04_02_Void.h">
      <Filter>头文件</Filter>
    </ClInclude>
    <ClInclude Include="_04_03_SizeOf.h">
      <Filter>头文件</Filter>
    </ClInclude>
    <ClInclude Include="_04_04_SignedIntegers.h">
      <Filter>头文件</Filter>
    </ClInclude>
    <ClInclude Include="_04_05_Unsigned .h">
      <Filter>头文件</Filter>
    </ClInclude>
    <ClInclude Include="_04_06_FixedWidthAndSize.h">
      <Filter>头文件</Filter>
    </ClInclude>
  </ItemGroup>
</Project>